
Microsoft Visual Studio Solution File, Format Version 12.00
# Visual Studio Version 16
VisualStudioVersion = 16.0.30717.126
MinimumVisualStudioVersion = 10.0.40219.1
Project("{FAE04EC0-301F-11D3-BF4B-00C04F79EFBC}") = "Fudge_it", "Fudge_it\Fudge_it.csproj", "{5E55ED3D-D693-4F80-B147-310F68C9DB7C}"
EndProject
Global
	GlobalSection(SolutionConfigurationPlatforms) = preSolution
		Debug|Any CPU = Debug|Any CPU
		Release|Any CPU = Release|Any CPU
	EndGlobalSection
	GlobalSection(ProjectConfigurationPlatforms) = postSolution
		{5E55ED3D-D693-4F80-B147-310F68C9DB7C}.Debug|Any CPU.ActiveCfg = Debug|Any CPU
		{5E55ED3D-D693-4F80-B147-310F68C9DB7C}.Debug|Any CPU.Build.0 = Debug|Any CPU
		{5E55ED3D-D693-4F80-B147-310F68C9DB7C}.Release|Any CPU.ActiveCfg = Release|Any CPU
		{5E55ED3D-D693-4F80-B147-310F68C9DB7C}.Release|Any CPU.Build.0 = Release|Any CPU
	EndGlobalSection
	GlobalSection(SolutionProperties) = preSolution
		HideSolutionNode = FALSE
	EndGlobalSection
	GlobalSection(ExtensibilityGlobals) = postSolution
		SolutionGuid = {B2A44C22-4E46-484D-BEB9-FE4F459C07D1}
	EndGlobalSection
EndGlobal
